// !$*UTF8*$!
{
	archiveVersion = 1;
	classes = {
	};
	objectVersion = 46;
	objects = {

/* Begin PBXBuildFile section */
		A83C5ECA1EC38A7E00CDC249 /* SettingsViewController.swift in Sources */ = {isa = PBXBuildFile; fileRef = A83C5EC91EC38A7E00CDC249 /* SettingsViewController.swift */; };
		A83C5ECC1EC3E75A00CDC249 /* VCLLoggingViewController.swift in Sources */ = {isa = PBXBuildFile; fileRef = A83C5ECB1EC3E75A00CDC249 /* VCLLoggingViewController.swift */; };
		A848B1651EB7091900C79B3F /* AppDelegate.swift in Sources */ = {isa = PBXBuildFile; fileRef = A848B1641EB7091900C79B3F /* AppDelegate.swift */; };
		A848B1671EB7091900C79B3F /* FaceViewController.swift in Sources */ = {isa = PBXBuildFile; fileRef = A848B1661EB7091900C79B3F /* FaceViewController.swift */; };
		A848B16A1EB7091900C79B3F /* Main.storyboard in Resources */ = {isa = PBXBuildFile; fileRef = A848B1681EB7091900C79B3F /* Main.storyboard */; };
		A848B16C1EB7091900C79B3F /* Assets.xcassets in Resources */ = {isa = PBXBuildFile; fileRef = A848B16B1EB7091900C79B3F /* Assets.xcassets */; };
		A848B16F1EB7091900C79B3F /* LaunchScreen.storyboard in Resources */ = {isa = PBXBuildFile; fileRef = A848B16D1EB7091900C79B3F /* LaunchScreen.storyboard */; };
		A848B1771EB7097800C79B3F /* FaceView.swift in Sources */ = {isa = PBXBuildFile; fileRef = A848B1761EB7097800C79B3F /* FaceView.swift */; };
		A8E4C7DB1EB950D9009ABC0D /* FacialExpression.swift in Sources */ = {isa = PBXBuildFile; fileRef = A8E4C7DA1EB950D9009ABC0D /* FacialExpression.swift */; };
/* End PBXBuildFile section */

/* Begin PBXFileReference section */
		A83C5EC91EC38A7E00CDC249 /* SettingsViewController.swift */ = {isa = PBXFileReference; fileEncoding = 4; lastKnownFileType = sourcecode.swift; path = SettingsViewController.swift; sourceTree = "<group>"; };
		A83C5ECB1EC3E75A00CDC249 /* VCLLoggingViewController.swift */ = {isa = PBXFileReference; fileEncoding = 4; lastKnownFileType = sourcecode.swift; path = VCLLoggingViewController.swift; sourceTree = "<group>"; };
		A848B1611EB7091900C79B3F /* Faceit.app */ = {isa = PBXFileReference; explicitFileType = wrapper.application; includeInIndex = 0; path = Faceit.app; sourceTree = BUILT_PRODUCTS_DIR; };
		A848B1641EB7091900C79B3F /* AppDelegate.swift */ = {isa = PBXFileReference; lastKnownFileType = sourcecode.swift; path = AppDelegate.swift; sourceTree = "<group>"; };
		A848B1661EB7091900C79B3F /* FaceViewController.swift */ = {isa = PBXFileReference; lastKnownFileType = sourcecode.swift; path = FaceViewController.swift; sourceTree = "<group>"; };
		A848B1691EB7091900C79B3F /* Base */ = {isa = PBXFileReference; lastKnownFileType = file.storyboard; name = Base; path = Base.lproj/Main.storyboard; sourceTree = "<group>"; };
		A848B16B1EB7091900C79B3F /* Assets.xcassets */ = {isa = PBXFileReference; lastKnownFileType = folder.assetcatalog; path = Assets.xcassets; sourceTree = "<group>"; };
		A848B16E1EB7091900C79B3F /* Base */ = {isa = PBXFileReference; lastKnownFileType = file.storyboard; name = Base; path = Base.lproj/LaunchScreen.storyboard; sourceTree = "<group>"; };
		A848B1701EB7091900C79B3F /* Info.plist */ = {isa = PBXFileReference; lastKnownFileType = text.plist.xml; path = Info.plist; sourceTree = "<group>"; };
		A848B1761EB7097800C79B3F /* FaceView.swift */ = {isa = PBXFileReference; fileEncoding = 4; lastKnownFileType = sourcecode.swift; path = FaceView.swift; sourceTree = "<group>"; };
		A8E4C7DA1EB950D9009ABC0D /* FacialExpression.swift */ = {isa = PBXFileReference; fileEncoding = 4; lastKnownFileType = sourcecode.swift; path = FacialExpression.swift; sourceTree = "<group>"; };
/* End PBXFileReference section */

/* Begin PBXFrameworksBuildPhase section */
		A848B15E1EB7091800C79B3F /* Frameworks */ = {
			isa = PBXFrameworksBuildPhase;
			buildActionMask = 2147483647;
			files = (
			);
			runOnlyForDeploymentPostprocessing = 0;
		};
/* End PBXFrameworksBuildPhase section */

/* Begin PBXGroup section */
		A848B1581EB7091800C79B3F = {
			isa = PBXGroup;
			children = (
				A848B1631EB7091900C79B3F /* Faceit */,
				A848B1621EB7091900C79B3F /* Products */,
			);
			sourceTree = "<group>";
		};
		A848B1621EB7091900C79B3F /* Products */ = {
			isa = PBXGroup;
			children = (
				A848B1611EB7091900C79B3F /* Faceit.app */,
			);
			name = Products;
			sourceTree = "<group>";
		};
		A848B1631EB7091900C79B3F /* Faceit */ = {
			isa = PBXGroup;
			children = (
				A848B1641EB7091900C79B3F /* AppDelegate.swift */,
				A848B1661EB7091900C79B3F /* FaceViewController.swift */,
				A83C5ECB1EC3E75A00CDC249 /* VCLLoggingViewController.swift */,
				A8E4C7DA1EB950D9009ABC0D /* FacialExpression.swift */,
				A848B1681EB7091900C79B3F /* Main.storyboard */,
				A83C5EC91EC38A7E00CDC249 /* SettingsViewController.swift */,
				A848B1761EB7097800C79B3F /* FaceView.swift */,
				A848B16B1EB7091900C79B3F /* Assets.xcassets */,
				A848B16D1EB7091900C79B3F /* LaunchScreen.storyboard */,
				A848B1701EB7091900C79B3F /* Info.plist */,
			);
			path = Faceit;
			sourceTree = "<group>";
		};
/* End PBXGroup section */

/* Begin PBXNativeTarget section */
		A848B1601EB7091800C79B3F /* Faceit */ = {
			isa = PBXNativeTarget;
			buildConfigurationList = A848B1731EB7091900C79B3F /* Build configuration list for PBXNativeTarget "Faceit" */;
			buildPhases = (
				A848B15D1EB7091800C79B3F /* Sources */,
				A848B15E1EB7091800C79B3F /* Frameworks */,
				A848B15F1EB7091800C79B3F /* Resources */,
			);
			buildRules = (
			);
			dependencies = (
			);
			name = Faceit;
			productName = Faceit;
			productReference = A848B1611EB7091900C79B3F /* Faceit.app */;
			productType = "com.apple.product-type.application";
		};
/* End PBXNativeTarget section */

/* Begin PBXProject section */
		A848B1591EB7091800C79B3F /* Project object */ = {
			isa = PBXProject;
			attributes = {
				LastSwiftUpdateCheck = 0810;
				LastUpgradeCheck = 0810;
				ORGANIZATIONNAME = ChenMo;
				TargetAttributes = {
					A848B1601EB7091800C79B3F = {
						CreatedOnToolsVersion = 8.1;
						DevelopmentTeam = B99X987539;
						ProvisioningStyle = Automatic;
					};
				};
			};
			buildConfigurationList = A848B15C1EB7091800C79B3F /* Build configuration list for PBXProject "Faceit" */;
			compatibilityVersion = "Xcode 3.2";
			developmentRegion = English;
			hasScannedForEncodings = 0;
			knownRegions = (
				en,
				Base,
			);
			mainGroup = A848B1581EB7091800C79B3F;
			productRefGroup = A848B1621EB7091900C79B3F /* Products */;
			projectDirPath = "";
			projectRoot = "";
			targets = (
				A848B1601EB7091800C79B3F /* Faceit */,
			);
		};
/* End PBXProject section */

/* Begin PBXResourcesBuildPhase section */
		A848B15F1EB7091800C79B3F /* Resources */ = {
			isa = PBXResourcesBuildPhase;
			buildActionMask = 2147483647;
			files = (
				A848B16F1EB7091900C79B3F /* LaunchScreen.storyboard in Resources */,
				A848B16C1EB7091900C79B3F /* Assets.xcassets in Resources */,
				A848B16A1EB7091900C79B3F /* Main.storyboard in Resources */,
			);
			runOnlyForDeploymentPostprocessing = 0;
		};
/* End PBXResourcesBuildPhase section */

/* Begin PBXSourcesBuildPhase section */
		A848B15D1EB7091800C79B3F /* Sources */ = {
			isa = PBXSourcesBuildPhase;
			buildActionMask = 2147483647;
			files = (
				A83C5ECC1EC3E75A00CDC249 /* VCLLoggingViewController.swift in Sources */,
				A848B1671EB7091900C79B3F /* FaceViewController.swift in Sources */,
				A8E4C7DB1EB950D9009ABC0D /* FacialExpression.swift in Sources */,
				A848B1651EB7091900C79B3F /* AppDelegate.swift in Sources */,
				A83C5ECA1EC38A7E00CDC249 /* SettingsViewController.swift in Sources */,
				A848B1771EB7097800C79B3F /* FaceView.swift in Sources */,
			);
			runOnlyForDeploymentPostprocessing = 0;
		};
/* End PBXSourcesBuildPhase section */

/* Begin PBXVariantGroup section */
		A848B1681EB7091900C79B3F /* Main.storyboard */ = {
			isa = PBXVariantGroup;
			children = (
				A848B1691EB7091900C79B3F /* Base */,
			);
			name = Main.storyboard;
			sourceTree = "<group>";
		};
		A848B16D1EB7091900C79B3F /* LaunchScreen.storyboard */ = {
			isa = PBXVariantGroup;
			children = (
				A848B16E1EB7091900C79B3F /* Base */,
			);
			name = LaunchScreen.storyboard;
			sourceTree = "<group>";
		};
/* End PBXVariantGroup section */

/* Begin XCBuildConfiguration section */
		A848B1711EB7091900C79B3F /* Debug */ = {
			isa = XCBuildConfiguration;
			buildSettings = {
				ALWAYS_SEARCH_USER_PATHS = NO;
				CLANG_ANALYZER_NONNULL = YES;
				CLANG_CXX_LANGUAGE_STANDARD = "gnu++0x";
				CLANG_CXX_LIBRARY = "libc++";
				CLANG_ENABLE_MODULES = YES;
				CLANG_ENABLE_OBJC_ARC = YES;
				CLANG_WARN_BOOL_CONVERSION = YES;
				CLANG_WARN_CONSTANT_CONVERSION = YES;
				CLANG_WARN_DIRECT_OBJC_ISA_USAGE = YES_ERROR;
				CLANG_WARN_DOCUMENTATION_COMMENTS = YES;
				CLANG_WARN_EMPTY_BODY = YES;
				CLANG_WARN_ENUM_CONVERSION = YES;
				CLANG_WARN_INFINITE_RECURSION = YES;
				CLANG_WARN_INT_CONVERSION = YES;
				CLANG_WARN_OBJC_ROOT_CLASS = YES_ERROR;
				CLANG_WARN_SUSPICIOUS_MOVES = YES;
				CLANG_WARN_UNREACHABLE_CODE = YES;
				CLANG_WARN__DUPLICATE_METHOD_MATCH = YES;
				"CODE_SIGN_IDENTITY[sdk=iphoneos*]" = "iPhone Developer";
				COPY_PHASE_STRIP = NO;
				DEBUG_INFORMATION_FORMAT = dwarf;
				ENABLE_STRICT_OBJC_MSGSEND = YES;
				ENABLE_TESTABILITY = YES;
				GCC_C_LANGUAGE_STANDARD = gnu99;
				GCC_DYNAMIC_NO_PIC = NO;
				GCC_NO_COMMON_BLOCKS = YES;
				GCC_OPTIMIZATION_LEVEL = 0;
				GCC_PREPROCESSOR_DEFINITIONS = (
					"DEBUG=1",
					"$(inherited)",
				);
				GCC_WARN_64_TO_32_BIT_CONVERSION = YES;
				GCC_WARN_ABOUT_RETURN_TYPE = YES_ERROR;
				GCC_WARN_UNDECLARED_SELECTOR = YES;
				GCC_WARN_UNINITIALIZED_AUTOS = YES_AGGRESSIVE;
				GCC_WARN_UNUSED_FUNCTION = YES;
				GCC_WARN_UNUSED_VARIABLE = YES;
				IPHONEOS_DEPLOYMENT_TARGET = 10.1;
				MTL_ENABLE_DEBUG_INFO = YES;
				ONLY_ACTIVE_ARCH = YES;
				SDKROOT = iphoneos;
				SWIFT_ACTIVE_COMPILATION_CONDITIONS = DEBUG;
				SWIFT_OPTIMIZATION_LEVEL = "-Onone";
				TARGETED_DEVICE_FAMILY = "1,2";
			};
			name = Debug;
		};
		A848B1721EB7091900C79B3F /* Release */ = {
			isa = XCBuildConfiguration;
			buildSettings = {
				ALWAYS_SEARCH_USER_PATHS = NO;
				CLANG_ANALYZER_NONNULL = YES;
				CLANG_CXX_LANGUAGE_STANDARD = "gnu++0x";
				CLANG_CXX_LIBRARY = "libc++";
				CLANG_ENABLE_MODULES = YES;
				CLANG_ENABLE_OBJC_ARC = YES;
				CLANG_WARN_BOOL_CONVERSION = YES;
				CLANG_WARN_CONSTANT_CONVERSION = YES;
				CLANG_WARN_DIRECT_OBJC_ISA_USAGE = YES_ERROR;
				CLANG_WARN_DOCUMENTATION_COMMENTS = YES;
				CLANG_WARN_EMPTY_BODY = YES;
				CLANG_WARN_ENUM_CONVERSION = YES;
				CLANG_WARN_INFINITE_RECURSION = YES;
				CLANG_WARN_INT_CONVERSION = YES;
				CLANG_WARN_OBJC_ROOT_CLASS = YES_ERROR;
				CLANG_WARN_SUSPICIOUS_MOVES = YES;
				CLANG_WARN_UNREACHABLE_CODE = YES;
				CLANG_WARN__DUPLICATE_METHOD_MATCH = YES;
				"CODE_SIGN_IDENTITY[sdk=iphoneos*]" = "iPhone Developer";
				COPY_PHASE_STRIP = NO;
				DEBUG_INFORMATION_FORMAT = "dwarf-with-dsym";
				ENABLE_NS_ASSERTIONS = NO;
				ENABLE_STRICT_OBJC_MSGSEND = YES;
				GCC_C_LANGUAGE_STANDARD = gnu99;
				GCC_NO_COMMON_BLOCKS = YES;
				GCC_WARN_64_TO_32_BIT_CONVERSION = YES;
				GCC_WARN_ABOUT_RETURN_TYPE = YES_ERROR;
				GCC_WARN_UNDECLARED_SELECTOR = YES;
				GCC_WARN_UNINITIALIZED_AUTOS = YES_AGGRESSIVE;
				GCC_WARN_UNUSED_FUNCTION = YES;
				GCC_WARN_UNUSED_VARIABLE = YES;
				IPHONEOS_DEPLOYMENT_TARGET = 10.1;
				MTL_ENABLE_DEBUG_INFO = NO;
				SDKROOT = iphoneos;
				SWIFT_OPTIMIZATION_LEVEL = "-Owholemodule";
				TARGETED_DEVICE_FAMILY = "1,2";
				VALIDATE_PRODUCT = YES;
			};
			name = Release;
		};
		A848B1741EB7091900C79B3F /* Debug */ = {
			isa = XCBuildConfiguration;
			buildSettings = {
				ASSETCATALOG_COMPILER_APPICON_NAME = AppIcon;
				DEVELOPMENT_TEAM = B99X987539;
				INFOPLIST_FILE = Faceit/Info.plist;
				LD_RUNPATH_SEARCH_PATHS = "$(inherited) @executable_path/Frameworks";
				PRODUCT_BUNDLE_IDENTIFIER = edu.uci.cmo3.Faceit;
				PRODUCT_NAME = "$(TARGET_NAME)";
				SWIFT_VERSION = 3.0;
			};
			name = Debug;
		};
		A848B1751EB7091900C79B3F /* Release */ = {
			isa = XCBuildConfiguration;
			buildSettings = {
				ASSETCATALOG_COMPILER_APPICON_NAME = AppIcon;
				DEVELOPMENT_TEAM = B99X987539;
				INFOPLIST_FILE = Faceit/Info.plist;
				LD_RUNPATH_SEARCH_PATHS = "$(inherited) @executable_path/Frameworks";
				PRODUCT_BUNDLE_IDENTIFIER = edu.uci.cmo3.Faceit;
				PRODUCT_NAME = "$(TARGET_NAME)";
				SWIFT_VERSION = 3.0;
			};
			name = Release;
		};
/* End XCBuildConfiguration section */

/* Begin XCConfigurationList section */
		A848B15C1EB7091800C79B3F /* Build configuration list for PBXProject "Faceit" */ = {
			isa = XCConfigurationList;
			buildConfigurations = (
				A848B1711EB7091900C79B3F /* Debug */,
				A848B1721EB7091900C79B3F /* Release */,
			);
			defaultConfigurationIsVisible = 0;
			defaultConfigurationName = Release;
		};
		A848B1731EB7091900C79B3F /* Build configuration list for PBXNativeTarget "Faceit" */ = {
			isa = XCConfigurationList;
			buildConfigurations = (
				A848B1741EB7091900C79B3F /* Debug */,
				A848B1751EB7091900C79B3F /* Release */,
			);
			defaultConfigurationIsVisible = 0;
			defaultConfigurationName = Release;
		};
/* End XCConfigurationList section */
	};
	rootObject = A848B1591EB7091800C79B3F /* Project object */;
}
